// !$*UTF8*$!
{
	archiveVersion = 1;
	classes = {
	};
	objectVersion = 48;
	objects = {

/* Begin PBXBuildFile section */
		D37C5BE4200C45430051A853 /* AppDelegate.m in Sources */ = {isa = PBXBuildFile; fileRef = D37C5BE3200C45430051A853 /* AppDelegate.m */; };
		D37C5BE7200C45430051A853 /* ViewController.m in Sources */ = {isa = PBXBuildFile; fileRef = D37C5BE6200C45430051A853 /* ViewController.m */; };
		D37C5BEA200C45430051A853 /* Main.storyboard in Resources */ = {isa = PBXBuildFile; fileRef = D37C5BE8200C45430051A853 /* Main.storyboard */; };
		D37C5BEC200C45430051A853 /* Assets.xcassets in Resources */ = {isa = PBXBuildFile; fileRef = D37C5BEB200C45430051A853 /* Assets.xcassets */; };
		D37C5BEF200C45430051A853 /* LaunchScreen.storyboard in Resources */ = {isa = PBXBuildFile; fileRef = D37C5BED200C45430051A853 /* LaunchScreen.storyboard */; };
		D37C5BF2200C45430051A853 /* main.m in Sources */ = {isa = PBXBuildFile; fileRef = D37C5BF1200C45430051A853 /* main.m */; };
/* End PBXBuildFile section */

/* Begin PBXFileReference section */
		D37C5BDF200C45430051A853 /* HK_UploadDemo.app */ = {isa = PBXFileReference; explicitFileType = wrapper.application; includeInIndex = 0; path = HK_UploadDemo.app; sourceTree = BUILT_PRODUCTS_DIR; };
		D37C5BE2200C45430051A853 /* AppDelegate.h */ = {isa = PBXFileReference; lastKnownFileType = sourcecode.c.h; path = AppDelegate.h; sourceTree = "<group>"; };
		D37C5BE3200C45430051A853 /* AppDelegate.m */ = {isa = PBXFileReference; lastKnownFileType = sourcecode.c.objc; path = AppDelegate.m; sourceTree = "<group>"; };
		D37C5BE5200C45430051A853 /* ViewController.h */ = {isa = PBXFileReference; lastKnownFileType = sourcecode.c.h; path = ViewController.h; sourceTree = "<group>"; };
		D37C5BE6200C45430051A853 /* ViewController.m */ = {isa = PBXFileReference; lastKnownFileType = sourcecode.c.objc; path = ViewController.m; sourceTree = "<group>"; };
		D37C5BE9200C45430051A853 /* Base */ = {isa = PBXFileReference; lastKnownFileType = file.storyboard; name = Base; path = Base.lproj/Main.storyboard; sourceTree = "<group>"; };
		D37C5BEB200C45430051A853 /* Assets.xcassets */ = {isa = PBXFileReference; lastKnownFileType = folder.assetcatalog; path = Assets.xcassets; sourceTree = "<group>"; };
		D37C5BEE200C45430051A853 /* Base */ = {isa = PBXFileReference; lastKnownFileType = file.storyboard; name = Base; path = Base.lproj/LaunchScreen.storyboard; sourceTree = "<group>"; };
		D37C5BF0200C45430051A853 /* Info.plist */ = {isa = PBXFileReference; lastKnownFileType = text.plist.xml; path = Info.plist; sourceTree = "<group>"; };
		D37C5BF1200C45430051A853 /* main.m */ = {isa = PBXFileReference; lastKnownFileType = sourcecode.c.objc; path = main.m; sourceTree = "<group>"; };
/* End PBXFileReference section */

/* Begin PBXFrameworksBuildPhase section */
		D37C5BDC200C45430051A853 /* Frameworks */ = {
			isa = PBXFrameworksBuildPhase;
			buildActionMask = 2147483647;
			files = (
			);
			runOnlyForDeploymentPostprocessing = 0;
		};
/* End PBXFrameworksBuildPhase section */

/* Begin PBXGroup section */
		D37C5BD6200C45430051A853 = {
			isa = PBXGroup;
			children = (
				D37C5BE1200C45430051A853 /* HK_UploadDemo */,
				D37C5BE0200C45430051A853 /* Products */,
			);
			sourceTree = "<group>";
		};
		D37C5BE0200C45430051A853 /* Products */ = {
			isa = PBXGroup;
			children = (
				D37C5BDF200C45430051A853 /* HK_UploadDemo.app */,
			);
			name = Products;
			sourceTree = "<group>";
		};
		D37C5BE1200C45430051A853 /* HK_UploadDemo */ = {
			isa = PBXGroup;
			children = (
				D37C5BE2200C45430051A853 /* AppDelegate.h */,
				D37C5BE3200C45430051A853 /* AppDelegate.m */,
				D37C5BE5200C45430051A853 /* ViewController.h */,
				D37C5BE6200C45430051A853 /* ViewController.m */,
				D37C5BE8200C45430051A853 /* Main.storyboard */,
				D37C5BEB200C45430051A853 /* Assets.xcassets */,
				D37C5BED200C45430051A853 /* LaunchScreen.storyboard */,
				D37C5BF0200C45430051A853 /* Info.plist */,
				D37C5BF1200C45430051A853 /* main.m */,
			);
			path = HK_UploadDemo;
			sourceTree = "<group>";
		};
/* End PBXGroup section */

/* Begin PBXNativeTarget section */
		D37C5BDE200C45430051A853 /* HK_UploadDemo */ = {
			isa = PBXNativeTarget;
			buildConfigurationList = D37C5BF5200C45430051A853 /* Build configuration list for PBXNativeTarget "HK_UploadDemo" */;
			buildPhases = (
				D37C5BDB200C45430051A853 /* Sources */,
				D37C5BDC200C45430051A853 /* Frameworks */,
				D37C5BDD200C45430051A853 /* Resources */,
			);
			buildRules = (
			);
			dependencies = (
			);
			name = HK_UploadDemo;
			productName = HK_UploadDemo;
			productReference = D37C5BDF200C45430051A853 /* HK_UploadDemo.app */;
			productType = "com.apple.product-type.application";
		};
/* End PBXNativeTarget section */

/* Begin PBXProject section */
		D37C5BD7200C45430051A853 /* Project object */ = {
			isa = PBXProject;
			attributes = {
				LastUpgradeCheck = 0920;
				ORGANIZATIONNAME = houke;
				TargetAttributes = {
					D37C5BDE200C45430051A853 = {
						CreatedOnToolsVersion = 9.2;
						ProvisioningStyle = Automatic;
					};
				};
			};
			buildConfigurationList = D37C5BDA200C45430051A853 /* Build configuration list for PBXProject "HK_UploadDemo" */;
			compatibilityVersion = "Xcode 8.0";
			developmentRegion = en;
			hasScannedForEncodings = 0;
			knownRegions = (
				en,
				Base,
			);
			mainGroup = D37C5BD6200C45430051A853;
			productRefGroup = D37C5BE0200C45430051A853 /* Products */;
			projectDirPath = "";
			projectRoot = "";
			targets = (
				D37C5BDE200C45430051A853 /* HK_UploadDemo */,
			);
		};
/* End PBXProject section */

/* Begin PBXResourcesBuildPhase section */
		D37C5BDD200C45430051A853 /* Resources */ = {
			isa = PBXResourcesBuildPhase;
			buildActionMask = 2147483647;
			files = (
				D37C5BEF200C45430051A853 /* LaunchScreen.storyboard in Resources */,
				D37C5BEC200C45430051A853 /* Assets.xcassets in Resources */,
				D37C5BEA200C45430051A853 /* Main.storyboard in Resources */,
			);
			runOnlyForDeploymentPostprocessing = 0;
		};
/* End PBXResourcesBuildPhase section */

/* Begin PBXSourcesBuildPhase section */
		D37C5BDB200C45430051A853 /* Sources */ = {
			isa = PBXSourcesBuildPhase;
			buildActionMask = 2147483647;
			files = (
				D37C5BE7200C45430051A853 /* ViewController.m in Sources */,
				D37C5BF2200C45430051A853 /* main.m in Sources */,
				D37C5BE4200C45430051A853 /* AppDelegate.m in Sources */,
			);
			runOnlyForDeploymentPostprocessing = 0;
		};
/* End PBXSourcesBuildPhase section */

/* Begin PBXVariantGroup section */
		D37C5BE8200C45430051A853 /* Main.storyboard */ = {
			isa = PBXVariantGroup;
			children = (
				D37C5BE9200C45430051A853 /* Base */,
			);
			name = Main.storyboard;
			sourceTree = "<group>";
		};
		D37C5BED200C45430051A853 /* LaunchScreen.storyboard */ = {
			isa = PBXVariantGroup;
			children = (
				D37C5BEE200C45430051A853 /* Base */,
			);
			name = LaunchScreen.storyboard;
			sourceTree = "<group>";
		};
/* End PBXVariantGroup section */

/* Begin XCBuildConfiguration section */
		D37C5BF3200C45430051A853 /* Debug */ = {
			isa = XCBuildConfiguration;
			buildSettings = {
				ALWAYS_SEARCH_USER_PATHS = NO;
				CLANG_ANALYZER_NONNULL = YES;
				CLANG_ANALYZER_NUMBER_OBJECT_CONVERSION = YES_AGGRESSIVE;
				CLANG_CXX_LANGUAGE_STANDARD = "gnu++14";
				CLANG_CXX_LIBRARY = "libc++";
				CLANG_ENABLE_MODULES = YES;
				CLANG_ENABLE_OBJC_ARC = YES;
				CLANG_WARN_BLOCK_CAPTURE_AUTORELEASING = YES;
				CLANG_WARN_BOOL_CONVERSION = YES;
				CLANG_WARN_COMMA = YES;
				CLANG_WARN_CONSTANT_CONVERSION = YES;
				CLANG_WARN_DIRECT_OBJC_ISA_USAGE = YES_ERROR;
				CLANG_WARN_DOCUMENTATION_COMMENTS = YES;
				CLANG_WARN_EMPTY_BODY = YES;
				CLANG_WARN_ENUM_CONVERSION = YES;
				CLANG_WARN_INFINITE_RECURSION = YES;
				CLANG_WARN_INT_CONVERSION = YES;
				CLANG_WARN_NON_LITERAL_NULL_CONVERSION = YES;
				CLANG_WARN_OBJC_LITERAL_CONVERSION = YES;
				CLANG_WARN_OBJC_ROOT_CLASS = YES_ERROR;
				CLANG_WARN_RANGE_LOOP_ANALYSIS = YES;
				CLANG_WARN_STRICT_PROTOTYPES = YES;
				CLANG_WARN_SUSPICIOUS_MOVE = YES;
				CLANG_WARN_UNGUARDED_AVAILABILITY = YES_AGGRESSIVE;
				CLANG_WARN_UNREACHABLE_CODE = YES;
				CLANG_WARN__DUPLICATE_METHOD_MATCH = YES;
				CODE_SIGN_IDENTITY = "iPhone Developer";
				COPY_PHASE_STRIP = NO;
				DEBUG_INFORMATION_FORMAT = dwarf;
				ENABLE_STRICT_OBJC_MSGSEND = YES;
				ENABLE_TESTABILITY = YES;
				GCC_C_LANGUAGE_STANDARD = gnu11;
				GCC_DYNAMIC_NO_PIC = NO;
				GCC_NO_COMMON_BLOCKS = YES;
				GCC_OPTIMIZATION_LEVEL = 0;
				GCC_PREPROCESSOR_DEFINITIONS = (
					"DEBUG=1",
					"$(inherited)",
				);
				GCC_WARN_64_TO_32_BIT_CONVERSION = YES;
				GCC_WARN_ABOUT_RETURN_TYPE = YES_ERROR;
				GCC_WARN_UNDECLARED_SELECTOR = YES;
				GCC_WARN_UNINITIALIZED_AUTOS = YES_AGGRESSIVE;
				GCC_WARN_UNUSED_FUNCTION = YES;
				GCC_WARN_UNUSED_VARIABLE = YES;
				IPHONEOS_DEPLOYMENT_TARGET = 11.2;
				MTL_ENABLE_DEBUG_INFO = YES;
				ONLY_ACTIVE_ARCH = YES;
				SDKROOT = iphoneos;
			};
			name = Debug;
		};
		D37C5BF4200C45430051A853 /* Release */ = {
			isa = XCBuildConfiguration;
			buildSettings = {
				ALWAYS_SEARCH_USER_PATHS = NO;
				CLANG_ANALYZER_NONNULL = YES;
				CLANG_ANALYZER_NUMBER_OBJECT_CONVERSION = YES_AGGRESSIVE;
				CLANG_CXX_LANGUAGE_STANDARD = "gnu++14";
				CLANG_CXX_LIBRARY = "libc++";
				CLANG_ENABLE_MODULES = YES;
				CLANG_ENABLE_OBJC_ARC = YES;
				CLANG_WARN_BLOCK_CAPTURE_AUTORELEASING = YES;
				CLANG_WARN_BOOL_CONVERSION = YES;
				CLANG_WARN_COMMA = YES;
				CLANG_WARN_CONSTANT_CONVERSION = YES;
				CLANG_WARN_DIRECT_OBJC_ISA_USAGE = YES_ERROR;
				CLANG_WARN_DOCUMENTATION_COMMENTS = YES;
				CLANG_WARN_EMPTY_BODY = YES;
				CLANG_WARN_ENUM_CONVERSION = YES;
				CLANG_WARN_INFINITE_RECURSION = YES;
				CLANG_WARN_INT_CONVERSION = YES;
				CLANG_WARN_NON_LITERAL_NULL_CONVERSION = YES;
				CLANG_WARN_OBJC_LITERAL_CONVERSION = YES;
				CLANG_WARN_OBJC_ROOT_CLASS = YES_ERROR;
				CLANG_WARN_RANGE_LOOP_ANALYSIS = YES;
				CLANG_WARN_STRICT_PROTOTYPES = YES;
				CLANG_WARN_SUSPICIOUS_MOVE = YES;
				CLANG_WARN_UNGUARDED_AVAILABILITY = YES_AGGRESSIVE;
				CLANG_WARN_UNREACHABLE_CODE = YES;
				CLANG_WARN__DUPLICATE_METHOD_MATCH = YES;
				CODE_SIGN_IDENTITY = "iPhone Developer";
				COPY_PHASE_STRIP = NO;
				DEBUG_INFORMATION_FORMAT = "dwarf-with-dsym";
				ENABLE_NS_ASSERTIONS = NO;
				ENABLE_STRICT_OBJC_MSGSEND = YES;
				GCC_C_LANGUAGE_STANDARD = gnu11;
				GCC_NO_COMMON_BLOCKS = YES;
				GCC_WARN_64_TO_32_BIT_CONVERSION = YES;
				GCC_WARN_ABOUT_RETURN_TYPE = YES_ERROR;
				GCC_WARN_UNDECLARED_SELECTOR = YES;
				GCC_WARN_UNINITIALIZED_AUTOS = YES_AGGRESSIVE;
				GCC_WARN_UNUSED_FUNCTION = YES;
				GCC_WARN_UNUSED_VARIABLE = YES;
				IPHONEOS_DEPLOYMENT_TARGET = 11.2;
				MTL_ENABLE_DEBUG_INFO = NO;
				SDKROOT = iphoneos;
				VALIDATE_PRODUCT = YES;
			};
			name = Release;
		};
		D37C5BF6200C45430051A853 /* Debug */ = {
			isa = XCBuildConfiguration;
			buildSettings = {
				ASSETCATALOG_COMPILER_APPICON_NAME = AppIcon;
				CODE_SIGN_STYLE = Automatic;
				DEVELOPMENT_TEAM = 3HLB9VXZD6;
				INFOPLIST_FILE = HK_UploadDemo/Info.plist;
				IPHONEOS_DEPLOYMENT_TARGET = 10.0;
				LD_RUNPATH_SEARCH_PATHS = "$(inherited) @executable_path/Frameworks";
				PRODUCT_BUNDLE_IDENTIFIER = "com.houke.HK-UploadDemo";
				PRODUCT_NAME = "$(TARGET_NAME)";
				TARGETED_DEVICE_FAMILY = "1,2";
			};
			name = Debug;
		};
		D37C5BF7200C45430051A853 /* Release */ = {
			isa = XCBuildConfiguration;
			buildSettings = {
				ASSETCATALOG_COMPILER_APPICON_NAME = AppIcon;
				CODE_SIGN_STYLE = Automatic;
				DEVELOPMENT_TEAM = 3HLB9VXZD6;
				INFOPLIST_FILE = HK_UploadDemo/Info.plist;
				IPHONEOS_DEPLOYMENT_TARGET = 10.0;
				LD_RUNPATH_SEARCH_PATHS = "$(inherited) @executable_path/Frameworks";
				PRODUCT_BUNDLE_IDENTIFIER = "com.houke.HK-UploadDemo";
				PRODUCT_NAME = "$(TARGET_NAME)";
				TARGETED_DEVICE_FAMILY = "1,2";
			};
			name = Release;
		};
/* End XCBuildConfiguration section */

/* Begin XCConfigurationList section */
		D37C5BDA200C45430051A853 /* Build configuration list for PBXProject "HK_UploadDemo" */ = {
			isa = XCConfigurationList;
			buildConfigurations = (
				D37C5BF3200C45430051A853 /* Debug */,
				D37C5BF4200C45430051A853 /* Release */,
			);
			defaultConfigurationIsVisible = 0;
			defaultConfigurationName = Release;
		};
		D37C5BF5200C45430051A853 /* Build configuration list for PBXNativeTarget "HK_UploadDemo" */ = {
			isa = XCConfigurationList;
			buildConfigurations = (
				D37C5BF6200C45430051A853 /* Debug */,
				D37C5BF7200C45430051A853 /* Release */,
			);
			defaultConfigurationIsVisible = 0;
			defaultConfigurationName = Release;
		};
/* End XCConfigurationList section */
	};
	rootObject = D37C5BD7200C45430051A853 /* Project object */;
}
